<?xml version="1.0" encoding="utf-8"?>
<Project ToolsVersion="14.0" xmlns="http://schemas.microsoft.com/developer/msbuild/2003">
  <ItemGroup>
    <Filter Include="Resource Files">
      <UniqueIdentifier>{67DA6AB6-F800-4c08-8B7A-83BB121AAD01}</UniqueIdentifier>
      <Extensions>rc;ico;cur;bmp;dlg;rc2;rct;bin;rgs;gif;jpg;jpeg;jpe;resx;tga;tiff;tif;png;wav;mfcribbon-ms</Extensions>
    </Filter>
    <Filter Include="io">
      <UniqueIdentifier>{f3df9dab-07fd-4bd1-a071-35f9a1cb9c19}</UniqueIdentifier>
    </Filter>
    <Filter Include="network">
      <UniqueIdentifier>{26a04ea7-5073-4ac7-a939-3beed5f2db8b}</UniqueIdentifier>
    </Filter>
    <Filter Include="io\fs">
      <UniqueIdentifier>{a071575d-8915-4c78-9807-612e250ed310}</UniqueIdentifier>
    </Filter>
    <Filter Include="io\storage">
      <UniqueIdentifier>{f95a300e-c9c2-43d7-828a-27b8a2f8c91d}</UniqueIdentifier>
    </Filter>
    <Filter Include="analytics">
      <UniqueIdentifier>{917b8e8f-ab80-4acb-a56a-56ac10b8b064}</UniqueIdentifier>
    </Filter>
    <Filter Include="io\fs\exceptions">
      <UniqueIdentifier>{964a854f-0309-48eb-a53e-d679af06cb85}</UniqueIdentifier>
    </Filter>
    <Filter Include="utils">
      <UniqueIdentifier>{bb8c9138-721b-4cb3-a496-8562078fe9fe}</UniqueIdentifier>
    </Filter>
  </ItemGroup>
  <ItemGroup>
    <ClCompile Include="..\..\core\io\fs\Require.cpp">
      <Filter>io\fs</Filter>
    </ClCompile>
    <ClCompile Include="..\..\core\io\fs\FileUtils.cpp">
      <Filter>io\fs</Filter>
    </ClCompile>
    <ClCompile Include="..\..\core\io\fs\exceptions\FileNotFoundException.cpp">
      <Filter>io\fs\exceptions</Filter>
    </ClCompile>
    <ClCompile Include="utils\Conversions.cpp">
      <Filter>utils</Filter>
    </ClCompile>
  </ItemGroup>
  <ItemGroup>
    <ClInclude Include="..\..\core\analytics\Analytics.h">
      <Filter>analytics</Filter>
    </ClInclude>
    <ClInclude Include="..\..\core\io\fs\Require.h">
      <Filter>io\fs</Filter>
    </ClInclude>
    <ClInclude Include="..\..\core\io\fs\FileUtils.h">
      <Filter>io\fs</Filter>
    </ClInclude>
    <ClInclude Include="..\..\core\io\fs\exceptions\FileNotFoundException.h">
      <Filter>io\fs\exceptions</Filter>
    </ClInclude>
    <ClInclude Include="..\..\core\network\HttpClientInterface.h">
      <Filter>network</Filter>
    </ClInclude>
    <ClInclude Include="utils\Conversions.h">
      <Filter>utils</Filter>
    </ClInclude>
  </ItemGroup>
</Project>