<?xml version="1.0" encoding="utf-8"?>
<Project ToolsVersion="14.0" xmlns="http://schemas.microsoft.com/developer/msbuild/2003">
  <ItemGroup>
    <Filter Include="Common">
      <UniqueIdentifier>839def51-670f-4080-a1f8-fde41af8f265</UniqueIdentifier>
    </Filter>
    <Filter Include="Assets">
      <UniqueIdentifier>bcc67f01-55b5-4e04-b9fc-ba344f3c5903</UniqueIdentifier>
      <Extensions>bmp;fbx;gif;jpg;jpeg;tga;tiff;tif;png</Extensions>
    </Filter>
    <Filter Include="pages">
      <UniqueIdentifier>{3bd54dad-a45f-4ecb-a165-907afba1d0fc}</UniqueIdentifier>
    </Filter>
    <Filter Include="core">
      <UniqueIdentifier>{dbf768ad-c5d8-4452-882b-5a64bb220ddf}</UniqueIdentifier>
    </Filter>
    <Filter Include="core\io">
      <UniqueIdentifier>{eea71c34-bd46-436c-a6e2-60b88c631e24}</UniqueIdentifier>
    </Filter>
    <Filter Include="core\io\fs">
      <UniqueIdentifier>{4933dd15-1e14-4877-9054-89578660f768}</UniqueIdentifier>
    </Filter>
    <Filter Include="utils">
      <UniqueIdentifier>{c1718e89-7134-4802-9f26-beb3075dea2b}</UniqueIdentifier>
    </Filter>
    <Filter Include="core\network">
      <UniqueIdentifier>{250b884b-262a-4f79-a6be-7c53ced3b922}</UniqueIdentifier>
    </Filter>
    <Filter Include="events">
      <UniqueIdentifier>{b736b69a-2726-4735-a1b4-aa9cb0329f99}</UniqueIdentifier>
    </Filter>
    <Filter Include="components">
      <UniqueIdentifier>{61fcf8f4-8883-4e3c-9051-1275964d6ca5}</UniqueIdentifier>
    </Filter>
  </ItemGroup>
  <ItemGroup>
    <ApplicationDefinition Include="UnitTestApp.xaml" />
  </ItemGroup>
  <ItemGroup>
    <ClCompile Include="UnitTestApp.xaml.cpp" />
    <ClCompile Include="pch.cpp" />
    <ClCompile Include="..\..\..\tests\integrationtests\win10\c++\io\fs\RequireChakraTests.cpp">
      <Filter>core\io\fs</Filter>
    </ClCompile>
    <ClCompile Include="..\..\..\tests\unittests\win10\c++\pages\MainPageTests.cpp">
      <Filter>pages</Filter>
    </ClCompile>
    <ClCompile Include="..\..\..\tests\integrationtests\win10\c++\utils\CommonAssertions.cpp">
      <Filter>utils</Filter>
    </ClCompile>
    <ClCompile Include="..\..\..\tests\integrationtests\win10\c++\utils\ChakraRunner.cpp">
      <Filter>utils</Filter>
    </ClCompile>
    <ClCompile Include="..\..\..\tests\integrationtests\win10\c++\network\HttpChakraTests.cpp">
      <Filter>core\network</Filter>
    </ClCompile>
    <ClCompile Include="..\..\..\tests\integrationtests\win10\c++\network\HttpClientTests.cpp">
      <Filter>core\network</Filter>
    </ClCompile>
    <ClCompile Include="..\..\..\tests\integrationtests\win10\c++\utils\TestRunnerUtils.cpp">
      <Filter>utils</Filter>
    </ClCompile>
    <ClCompile Include="JsAppTests.cpp">
      <Filter>core</Filter>
    </ClCompile>
    <ClCompile Include="..\..\..\tests\unittests\win10\c++\events\NavigationBindingTests.cpp">
      <Filter>events</Filter>
    </ClCompile>
    <ClCompile Include="..\..\..\tests\unittests\win10\c++\components\MainMenuTests.cpp">
      <Filter>components</Filter>
    </ClCompile>
    <ClCompile Include="..\..\..\tests\unittests\win10\c++\components\MainMenuItemTests.cpp">
      <Filter>components</Filter>
    </ClCompile>
  </ItemGroup>
  <ItemGroup>
    <ClInclude Include="pch.h" />
    <ClInclude Include="UnitTestApp.xaml.h" />
    <ClInclude Include="..\..\..\tests\integrationtests\win10\c++\utils\CommonAssertions.h">
      <Filter>utils</Filter>
    </ClInclude>
    <ClInclude Include="..\..\..\tests\integrationtests\win10\c++\utils\ChakraRunner.h">
      <Filter>utils</Filter>
    </ClInclude>
    <ClInclude Include="..\..\..\tests\integrationtests\win10\c++\utils\TestConstants.h">
      <Filter>utils</Filter>
    </ClInclude>
    <ClInclude Include="..\..\..\tests\integrationtests\win10\c++\utils\TestRunnerUtils.h">
      <Filter>utils</Filter>
    </ClInclude>
  </ItemGroup>
  <ItemGroup>
    <Xml Include="UnitTestApp.rd.xml" />
  </ItemGroup>
  <ItemGroup>
    <Image Include="Assets\LockScreenLogo.scale-200.png">
      <Filter>Assets</Filter>
    </Image>
    <Image Include="Assets\SplashScreen.scale-200.png">
      <Filter>Assets</Filter>
    </Image>
    <Image Include="Assets\Square44x44Logo.scale-200.png">
      <Filter>Assets</Filter>
    </Image>
    <Image Include="Assets\Square44x44Logo.targetsize-24_altform-unplated.png">
      <Filter>Assets</Filter>
    </Image>
    <Image Include="Assets\Square150x150Logo.scale-200.png">
      <Filter>Assets</Filter>
    </Image>
    <Image Include="Assets\StoreLogo.png">
      <Filter>Assets</Filter>
    </Image>
    <Image Include="Assets\Wide310x150Logo.scale-200.png">
      <Filter>Assets</Filter>
    </Image>
  </ItemGroup>
  <ItemGroup>
    <AppxManifest Include="Package.appxmanifest" />
  </ItemGroup>
  <ItemGroup>
    <None Include="VoiceMyNewsAppTests_TemporaryKey.pfx" />
  </ItemGroup>
</Project>