<?xml version="1.0" encoding="utf-8"?>
<Project ToolsVersion="14.0" xmlns="http://schemas.microsoft.com/developer/msbuild/2003">
  <ItemGroup>
    <Filter Include="Resources">
      <UniqueIdentifier>5e8b4c05-82e8-48a3-ac85-b6a12185ac7c</UniqueIdentifier>
      <Extensions>rc;ico;cur;bmp;dlg;rc2;rct;bin;rgs;gif;jpg;jpeg;jpe;resx;tga;tiff;tif;png;wav;mfcribbon-ms</Extensions>
    </Filter>
    <Filter Include="pages">
      <UniqueIdentifier>{dd8d507a-091a-4da9-9127-1d66ce939422}</UniqueIdentifier>
    </Filter>
    <Filter Include="bindings">
      <UniqueIdentifier>{23c4745c-91e3-463c-acab-83ab4f3d590e}</UniqueIdentifier>
    </Filter>
  </ItemGroup>
  <ItemGroup>
    <ClCompile Include="pch.cpp" />
    <ClCompile Include="pages\MainPage.xaml.cpp" />
    <ClCompile Include="bindings\RequireBinding.cpp">
      <Filter>bindings</Filter>
    </ClCompile>
  </ItemGroup>
  <ItemGroup>
    <ClInclude Include="pch.h" />
    <ClInclude Include="pages\MainPage.xaml.h" />
    <ClInclude Include="bindings\RequireBinding.h">
      <Filter>bindings</Filter>
    </ClInclude>
  </ItemGroup>
  <ItemGroup>
    <Page Include="pages\MainPage.xaml">
      <Filter>pages</Filter>
    </Page>
  </ItemGroup>
</Project>