
Microsoft Visual Studio Solution File, Format Version 12.00
# Visual Studio 14
VisualStudioVersion = 14.0.25420.1
MinimumVisualStudioVersion = 10.0.40219.1
Project("{8BC9CEB8-8B4A-11D0-8D11-00A0C91BC942}") = "VoiceMyNewsCore", "VoiceMyNewsCore\VoiceMyNewsCore.vcxproj", "{041F327D-691A-427F-A2D6-7195D0C70B0C}"
EndProject
Project("{8BC9CEB8-8B4A-11D0-8D11-00A0C91BC942}") = "VoiceMyNewsCoreTests", "VoiceMyNewsCoreTests\VoiceMyNewsCoreTests.vcxproj", "{9F73C064-203E-48DD-883B-31A7D29844AC}"
	ProjectSection(ProjectDependencies) = postProject
		{041F327D-691A-427F-A2D6-7195D0C70B0C} = {041F327D-691A-427F-A2D6-7195D0C70B0C}
	EndProjectSection
EndProject
Project("{8BC9CEB8-8B4A-11D0-8D11-00A0C91BC942}") = "VoiceMyNewsCoreIntegrationTests", "VoiceMyNewsCoreIntegrationTests\VoiceMyNewsCoreIntegrationTests.vcxproj", "{337AC5C3-D55E-4647-8688-E3B7E471EEEF}"
	ProjectSection(ProjectDependencies) = postProject
		{041F327D-691A-427F-A2D6-7195D0C70B0C} = {041F327D-691A-427F-A2D6-7195D0C70B0C}
	EndProjectSection
EndProject
Project("{8BC9CEB8-8B4A-11D0-8D11-00A0C91BC942}") = "VoiceMyNewsApp", "VoiceMyNewsApp\VoiceMyNewsApp.vcxproj", "{B6E49741-42CE-4039-9A7E-CFF40CD8462C}"
EndProject
Project("{8BC9CEB8-8B4A-11D0-8D11-00A0C91BC942}") = "VoiceMyNewsAppUI", "VoiceMyNewsAppUI\VoiceMyNewsAppUI.vcxproj", "{41CE78CA-A1D2-47DA-B5B0-1E34831454BA}"
EndProject
Project("{8BC9CEB8-8B4A-11D0-8D11-00A0C91BC942}") = "VoiceMyNewsAppTests", "VoiceMyNewsAppTests\VoiceMyNewsAppTests.vcxproj", "{839DEF51-670F-4080-A1F8-FDE41AF8F265}"
	ProjectSection(ProjectDependencies) = postProject
		{B6E49741-42CE-4039-9A7E-CFF40CD8462C} = {B6E49741-42CE-4039-9A7E-CFF40CD8462C}
	EndProjectSection
EndProject
Project("{8BC9CEB8-8B4A-11D0-8D11-00A0C91BC942}") = "VoiceMyNewsHybridImpl", "VoiceMyNewsHybridImpl\VoiceMyNewsHybridImpl.vcxproj", "{1DEAF6CD-37F2-455A-9BFC-A4A566F12068}"
EndProject
Global
	GlobalSection(SolutionConfigurationPlatforms) = preSolution
		Debug|x64 = Debug|x64
		Release|x64 = Release|x64
	EndGlobalSection
	GlobalSection(ProjectConfigurationPlatforms) = postSolution
		{041F327D-691A-427F-A2D6-7195D0C70B0C}.Debug|x64.ActiveCfg = Debug|x64
		{041F327D-691A-427F-A2D6-7195D0C70B0C}.Debug|x64.Build.0 = Debug|x64
		{041F327D-691A-427F-A2D6-7195D0C70B0C}.Release|x64.ActiveCfg = Release|x64
		{041F327D-691A-427F-A2D6-7195D0C70B0C}.Release|x64.Build.0 = Release|x64
		{9F73C064-203E-48DD-883B-31A7D29844AC}.Debug|x64.ActiveCfg = Debug|x64
		{9F73C064-203E-48DD-883B-31A7D29844AC}.Debug|x64.Build.0 = Debug|x64
		{9F73C064-203E-48DD-883B-31A7D29844AC}.Release|x64.ActiveCfg = Release|x64
		{9F73C064-203E-48DD-883B-31A7D29844AC}.Release|x64.Build.0 = Release|x64
		{337AC5C3-D55E-4647-8688-E3B7E471EEEF}.Debug|x64.ActiveCfg = Debug|x64
		{337AC5C3-D55E-4647-8688-E3B7E471EEEF}.Debug|x64.Build.0 = Debug|x64
		{337AC5C3-D55E-4647-8688-E3B7E471EEEF}.Release|x64.ActiveCfg = Release|x64
		{337AC5C3-D55E-4647-8688-E3B7E471EEEF}.Release|x64.Build.0 = Release|x64
		{B6E49741-42CE-4039-9A7E-CFF40CD8462C}.Debug|x64.ActiveCfg = Debug|x64
		{B6E49741-42CE-4039-9A7E-CFF40CD8462C}.Debug|x64.Build.0 = Debug|x64
		{B6E49741-42CE-4039-9A7E-CFF40CD8462C}.Debug|x64.Deploy.0 = Debug|x64
		{B6E49741-42CE-4039-9A7E-CFF40CD8462C}.Release|x64.ActiveCfg = Release|x64
		{B6E49741-42CE-4039-9A7E-CFF40CD8462C}.Release|x64.Build.0 = Release|x64
		{B6E49741-42CE-4039-9A7E-CFF40CD8462C}.Release|x64.Deploy.0 = Release|x64
		{41CE78CA-A1D2-47DA-B5B0-1E34831454BA}.Debug|x64.ActiveCfg = Debug|x64
		{41CE78CA-A1D2-47DA-B5B0-1E34831454BA}.Debug|x64.Build.0 = Debug|x64
		{41CE78CA-A1D2-47DA-B5B0-1E34831454BA}.Release|x64.ActiveCfg = Release|x64
		{41CE78CA-A1D2-47DA-B5B0-1E34831454BA}.Release|x64.Build.0 = Release|x64
		{839DEF51-670F-4080-A1F8-FDE41AF8F265}.Debug|x64.ActiveCfg = Debug|x64
		{839DEF51-670F-4080-A1F8-FDE41AF8F265}.Debug|x64.Build.0 = Debug|x64
		{839DEF51-670F-4080-A1F8-FDE41AF8F265}.Debug|x64.Deploy.0 = Debug|x64
		{839DEF51-670F-4080-A1F8-FDE41AF8F265}.Release|x64.ActiveCfg = Release|x64
		{839DEF51-670F-4080-A1F8-FDE41AF8F265}.Release|x64.Build.0 = Release|x64
		{839DEF51-670F-4080-A1F8-FDE41AF8F265}.Release|x64.Deploy.0 = Release|x64
		{1DEAF6CD-37F2-455A-9BFC-A4A566F12068}.Debug|x64.ActiveCfg = Debug|x64
		{1DEAF6CD-37F2-455A-9BFC-A4A566F12068}.Debug|x64.Build.0 = Debug|x64
		{1DEAF6CD-37F2-455A-9BFC-A4A566F12068}.Release|x64.ActiveCfg = Release|x64
		{1DEAF6CD-37F2-455A-9BFC-A4A566F12068}.Release|x64.Build.0 = Release|x64
	EndGlobalSection
	GlobalSection(SolutionProperties) = preSolution
		HideSolutionNode = FALSE
	EndGlobalSection
EndGlobal
